
Microsoft Visual Studio Solution File, Format Version 12.00
# Visual Studio Version 17
VisualStudioVersion = 17.4.33213.308
MinimumVisualStudioVersion = 10.0.40219.1
Project("{9A19103F-16F7-4668-BE54-9A1E7A4F7556}") = "CarCrawler", "CarCrawler\CarCrawler.csproj", "{293EEBDB-ACBC-40CB-8CC2-82A8DDB29A48}"
EndProject
Project("{9A19103F-16F7-4668-BE54-9A1E7A4F7556}") = "AdDetailsFetcher", "AdDetailsFetcher\AdDetailsFetcher.csproj", "{4AD910E7-C18D-4E45-B97B-91CE1DE0344B}"
EndProject
Project("{FAE04EC0-301F-11D3-BF4B-00C04F79EFBC}") = "AppLogger", "AppLogger\AppLogger.csproj", "{D3345404-FCA3-4CED-8557-460F1AC82CCF}"
EndProject
Project("{FAE04EC0-301F-11D3-BF4B-00C04F79EFBC}") = "VehicleHistoryReportFetcher", "VehicleHistoryReportFetcher\VehicleHistoryReportFetcher.csproj", "{C61E04E0-04F2-4EDF-9F30-0B523E831889}"
EndProject
Project("{FAE04EC0-301F-11D3-BF4B-00C04F79EFBC}") = "WebDrivers", "WebDrivers\WebDrivers.csproj", "{0F751AF1-AF21-4290-9B89-E1BDBCD53461}"
EndProject
Project("{FAE04EC0-301F-11D3-BF4B-00C04F79EFBC}") = "AdDetailsFetcherTests", "AdDetailsFetcherTests\AdDetailsFetcherTests.csproj", "{9E48850B-0D13-4587-8FA7-B5424423B54A}"
EndProject
Global
	GlobalSection(SolutionConfigurationPlatforms) = preSolution
		Debug|Any CPU = Debug|Any CPU
		Debug|ARM64 = Debug|ARM64
		Release|Any CPU = Release|Any CPU
		Release|ARM64 = Release|ARM64
	EndGlobalSection
	GlobalSection(ProjectConfigurationPlatforms) = postSolution
		{293EEBDB-ACBC-40CB-8CC2-82A8DDB29A48}.Debug|Any CPU.ActiveCfg = Debug|Any CPU
		{293EEBDB-ACBC-40CB-8CC2-82A8DDB29A48}.Debug|Any CPU.Build.0 = Debug|Any CPU
		{293EEBDB-ACBC-40CB-8CC2-82A8DDB29A48}.Debug|ARM64.ActiveCfg = Debug|ARM64
		{293EEBDB-ACBC-40CB-8CC2-82A8DDB29A48}.Debug|ARM64.Build.0 = Debug|ARM64
		{293EEBDB-ACBC-40CB-8CC2-82A8DDB29A48}.Release|Any CPU.ActiveCfg = Release|Any CPU
		{293EEBDB-ACBC-40CB-8CC2-82A8DDB29A48}.Release|ARM64.ActiveCfg = Release|ARM64
		{293EEBDB-ACBC-40CB-8CC2-82A8DDB29A48}.Release|ARM64.Build.0 = Release|ARM64
		{4AD910E7-C18D-4E45-B97B-91CE1DE0344B}.Debug|Any CPU.ActiveCfg = Debug|Any CPU
		{4AD910E7-C18D-4E45-B97B-91CE1DE0344B}.Debug|Any CPU.Build.0 = Debug|Any CPU
		{4AD910E7-C18D-4E45-B97B-91CE1DE0344B}.Debug|ARM64.ActiveCfg = Debug|Any CPU
		{4AD910E7-C18D-4E45-B97B-91CE1DE0344B}.Debug|ARM64.Build.0 = Debug|Any CPU
		{4AD910E7-C18D-4E45-B97B-91CE1DE0344B}.Release|Any CPU.ActiveCfg = Release|Any CPU
		{4AD910E7-C18D-4E45-B97B-91CE1DE0344B}.Release|Any CPU.Build.0 = Release|Any CPU
		{4AD910E7-C18D-4E45-B97B-91CE1DE0344B}.Release|ARM64.ActiveCfg = Release|Any CPU
		{4AD910E7-C18D-4E45-B97B-91CE1DE0344B}.Release|ARM64.Build.0 = Release|Any CPU
		{D3345404-FCA3-4CED-8557-460F1AC82CCF}.Debug|Any CPU.ActiveCfg = Debug|Any CPU
		{D3345404-FCA3-4CED-8557-460F1AC82CCF}.Debug|Any CPU.Build.0 = Debug|Any CPU
		{D3345404-FCA3-4CED-8557-460F1AC82CCF}.Debug|ARM64.ActiveCfg = Debug|Any CPU
		{D3345404-FCA3-4CED-8557-460F1AC82CCF}.Debug|ARM64.Build.0 = Debug|Any CPU
		{D3345404-FCA3-4CED-8557-460F1AC82CCF}.Release|Any CPU.ActiveCfg = Release|Any CPU
		{D3345404-FCA3-4CED-8557-460F1AC82CCF}.Release|Any CPU.Build.0 = Release|Any CPU
		{D3345404-FCA3-4CED-8557-460F1AC82CCF}.Release|ARM64.ActiveCfg = Release|Any CPU
		{D3345404-FCA3-4CED-8557-460F1AC82CCF}.Release|ARM64.Build.0 = Release|Any CPU
		{C61E04E0-04F2-4EDF-9F30-0B523E831889}.Debug|Any CPU.ActiveCfg = Debug|Any CPU
		{C61E04E0-04F2-4EDF-9F30-0B523E831889}.Debug|Any CPU.Build.0 = Debug|Any CPU
		{C61E04E0-04F2-4EDF-9F30-0B523E831889}.Debug|ARM64.ActiveCfg = Debug|Any CPU
		{C61E04E0-04F2-4EDF-9F30-0B523E831889}.Debug|ARM64.Build.0 = Debug|Any CPU
		{C61E04E0-04F2-4EDF-9F30-0B523E831889}.Release|Any CPU.ActiveCfg = Release|Any CPU
		{C61E04E0-04F2-4EDF-9F30-0B523E831889}.Release|Any CPU.Build.0 = Release|Any CPU
		{C61E04E0-04F2-4EDF-9F30-0B523E831889}.Release|ARM64.ActiveCfg = Release|Any CPU
		{C61E04E0-04F2-4EDF-9F30-0B523E831889}.Release|ARM64.Build.0 = Release|Any CPU
		{0F751AF1-AF21-4290-9B89-E1BDBCD53461}.Debug|Any CPU.ActiveCfg = Debug|Any CPU
		{0F751AF1-AF21-4290-9B89-E1BDBCD53461}.Debug|Any CPU.Build.0 = Debug|Any CPU
		{0F751AF1-AF21-4290-9B89-E1BDBCD53461}.Debug|ARM64.ActiveCfg = Debug|Any CPU
		{0F751AF1-AF21-4290-9B89-E1BDBCD53461}.Debug|ARM64.Build.0 = Debug|Any CPU
		{0F751AF1-AF21-4290-9B89-E1BDBCD53461}.Release|Any CPU.ActiveCfg = Release|Any CPU
		{0F751AF1-AF21-4290-9B89-E1BDBCD53461}.Release|Any CPU.Build.0 = Release|Any CPU
		{0F751AF1-AF21-4290-9B89-E1BDBCD53461}.Release|ARM64.ActiveCfg = Release|Any CPU
		{0F751AF1-AF21-4290-9B89-E1BDBCD53461}.Release|ARM64.Build.0 = Release|Any CPU
		{9E48850B-0D13-4587-8FA7-B5424423B54A}.Debug|Any CPU.ActiveCfg = Debug|Any CPU
		{9E48850B-0D13-4587-8FA7-B5424423B54A}.Debug|Any CPU.Build.0 = Debug|Any CPU
		{9E48850B-0D13-4587-8FA7-B5424423B54A}.Debug|ARM64.ActiveCfg = Debug|Any CPU
		{9E48850B-0D13-4587-8FA7-B5424423B54A}.Debug|ARM64.Build.0 = Debug|Any CPU
		{9E48850B-0D13-4587-8FA7-B5424423B54A}.Release|Any CPU.ActiveCfg = Release|Any CPU
		{9E48850B-0D13-4587-8FA7-B5424423B54A}.Release|Any CPU.Build.0 = Release|Any CPU
		{9E48850B-0D13-4587-8FA7-B5424423B54A}.Release|ARM64.ActiveCfg = Release|Any CPU
		{9E48850B-0D13-4587-8FA7-B5424423B54A}.Release|ARM64.Build.0 = Release|Any CPU
	EndGlobalSection
	GlobalSection(SolutionProperties) = preSolution
		HideSolutionNode = FALSE
	EndGlobalSection
	GlobalSection(ExtensibilityGlobals) = postSolution
		SolutionGuid = {E9B0A408-864D-47D5-9356-30EBA5FA7624}
	EndGlobalSection
EndGlobal
